// !$*UTF8*$!
{
	archiveVersion = 1;
	classes = {
	};
	objectVersion = 50;
	objects = {

/* Begin PBXBuildFile section */
		C197C0CE229F67CE006B3232 /* DataModel.xcdatamodeld in Sources */ = {isa = PBXBuildFile; fileRef = C197C0CC229F67CE006B3232 /* DataModel.xcdatamodeld */; };
		C1D8443722A22DAD008629B6 /* CategoryViewController.swift in Sources */ = {isa = PBXBuildFile; fileRef = C1D8443622A22DAD008629B6 /* CategoryViewController.swift */; };
		C1F61BE1229E1CAB0074FA78 /* AppDelegate.swift in Sources */ = {isa = PBXBuildFile; fileRef = C1F61BE0229E1CAB0074FA78 /* AppDelegate.swift */; };
		C1F61BE6229E1CAB0074FA78 /* Main.storyboard in Resources */ = {isa = PBXBuildFile; fileRef = C1F61BE4229E1CAB0074FA78 /* Main.storyboard */; };
		C1F61BE8229E1CAC0074FA78 /* Assets.xcassets in Resources */ = {isa = PBXBuildFile; fileRef = C1F61BE7229E1CAC0074FA78 /* Assets.xcassets */; };
		C1F61BEB229E1CAC0074FA78 /* LaunchScreen.storyboard in Resources */ = {isa = PBXBuildFile; fileRef = C1F61BE9229E1CAC0074FA78 /* LaunchScreen.storyboard */; };
		C1F61BF3229E1D620074FA78 /* TodoListViewController.swift in Sources */ = {isa = PBXBuildFile; fileRef = C1F61BF2229E1D620074FA78 /* TodoListViewController.swift */; };
/* End PBXBuildFile section */

/* Begin PBXFileReference section */
		C197C0CD229F67CE006B3232 /* DataModel.xcdatamodel */ = {isa = PBXFileReference; lastKnownFileType = wrapper.xcdatamodel; path = DataModel.xcdatamodel; sourceTree = "<group>"; };
		C1D8443622A22DAD008629B6 /* CategoryViewController.swift */ = {isa = PBXFileReference; lastKnownFileType = sourcecode.swift; path = CategoryViewController.swift; sourceTree = "<group>"; };
		C1F61BDD229E1CAB0074FA78 /* Todody.app */ = {isa = PBXFileReference; explicitFileType = wrapper.application; includeInIndex = 0; path = Todody.app; sourceTree = BUILT_PRODUCTS_DIR; };
		C1F61BE0229E1CAB0074FA78 /* AppDelegate.swift */ = {isa = PBXFileReference; lastKnownFileType = sourcecode.swift; path = AppDelegate.swift; sourceTree = "<group>"; };
		C1F61BE5229E1CAB0074FA78 /* Base */ = {isa = PBXFileReference; lastKnownFileType = file.storyboard; name = Base; path = Base.lproj/Main.storyboard; sourceTree = "<group>"; };
		C1F61BE7229E1CAC0074FA78 /* Assets.xcassets */ = {isa = PBXFileReference; lastKnownFileType = folder.assetcatalog; path = Assets.xcassets; sourceTree = "<group>"; };
		C1F61BEA229E1CAC0074FA78 /* Base */ = {isa = PBXFileReference; lastKnownFileType = file.storyboard; name = Base; path = Base.lproj/LaunchScreen.storyboard; sourceTree = "<group>"; };
		C1F61BEC229E1CAC0074FA78 /* Info.plist */ = {isa = PBXFileReference; lastKnownFileType = text.plist.xml; path = Info.plist; sourceTree = "<group>"; };
		C1F61BF2229E1D620074FA78 /* TodoListViewController.swift */ = {isa = PBXFileReference; fileEncoding = 4; lastKnownFileType = sourcecode.swift; path = TodoListViewController.swift; sourceTree = "<group>"; };
/* End PBXFileReference section */

/* Begin PBXFrameworksBuildPhase section */
		C1F61BDA229E1CAB0074FA78 /* Frameworks */ = {
			isa = PBXFrameworksBuildPhase;
			buildActionMask = 2147483647;
			files = (
			);
			runOnlyForDeploymentPostprocessing = 0;
		};
/* End PBXFrameworksBuildPhase section */

/* Begin PBXGroup section */
		C12DD4D0229EE58700F44605 /* Data Model */ = {
			isa = PBXGroup;
			children = (
				C197C0CC229F67CE006B3232 /* DataModel.xcdatamodeld */,
			);
			path = "Data Model";
			sourceTree = "<group>";
		};
		C12DD4D1229EE5A900F44605 /* Controllers */ = {
			isa = PBXGroup;
			children = (
				C1F61BF2229E1D620074FA78 /* TodoListViewController.swift */,
				C1D8443622A22DAD008629B6 /* CategoryViewController.swift */,
			);
			path = Controllers;
			sourceTree = "<group>";
		};
		C12DD4D2229EE5C700F44605 /* Views */ = {
			isa = PBXGroup;
			children = (
				C1F61BE4229E1CAB0074FA78 /* Main.storyboard */,
			);
			path = Views;
			sourceTree = "<group>";
		};
		C12DD4D3229EE5E200F44605 /* Supporting files */ = {
			isa = PBXGroup;
			children = (
				C1F61BE7229E1CAC0074FA78 /* Assets.xcassets */,
				C1F61BE9229E1CAC0074FA78 /* LaunchScreen.storyboard */,
			);
			path = "Supporting files";
			sourceTree = "<group>";
		};
		C1F61BD4229E1CAB0074FA78 = {
			isa = PBXGroup;
			children = (
				C1F61BDF229E1CAB0074FA78 /* Todody */,
				C1F61BDE229E1CAB0074FA78 /* Products */,
			);
			sourceTree = "<group>";
		};
		C1F61BDE229E1CAB0074FA78 /* Products */ = {
			isa = PBXGroup;
			children = (
				C1F61BDD229E1CAB0074FA78 /* Todody.app */,
			);
			name = Products;
			sourceTree = "<group>";
		};
		C1F61BDF229E1CAB0074FA78 /* Todody */ = {
			isa = PBXGroup;
			children = (
				C1F61BE0229E1CAB0074FA78 /* AppDelegate.swift */,
				C12DD4D0229EE58700F44605 /* Data Model */,
				C12DD4D1229EE5A900F44605 /* Controllers */,
				C12DD4D2229EE5C700F44605 /* Views */,
				C12DD4D3229EE5E200F44605 /* Supporting files */,
				C1F61BEC229E1CAC0074FA78 /* Info.plist */,
			);
			path = Todody;
			sourceTree = "<group>";
		};
/* End PBXGroup section */

/* Begin PBXNativeTarget section */
		C1F61BDC229E1CAB0074FA78 /* Todody */ = {
			isa = PBXNativeTarget;
			buildConfigurationList = C1F61BEF229E1CAC0074FA78 /* Build configuration list for PBXNativeTarget "Todody" */;
			buildPhases = (
				C1F61BD9229E1CAB0074FA78 /* Sources */,
				C1F61BDA229E1CAB0074FA78 /* Frameworks */,
				C1F61BDB229E1CAB0074FA78 /* Resources */,
			);
			buildRules = (
			);
			dependencies = (
			);
			name = Todody;
			productName = Todody;
			productReference = C1F61BDD229E1CAB0074FA78 /* Todody.app */;
			productType = "com.apple.product-type.application";
		};
/* End PBXNativeTarget section */

/* Begin PBXProject section */
		C1F61BD5229E1CAB0074FA78 /* Project object */ = {
			isa = PBXProject;
			attributes = {
				LastSwiftUpdateCheck = 1020;
				LastUpgradeCheck = 1020;
				ORGANIZATIONNAME = HugoSilva;
				TargetAttributes = {
					C1F61BDC229E1CAB0074FA78 = {
						CreatedOnToolsVersion = 10.2.1;
					};
				};
			};
			buildConfigurationList = C1F61BD8229E1CAB0074FA78 /* Build configuration list for PBXProject "Todody" */;
			compatibilityVersion = "Xcode 9.3";
			developmentRegion = en;
			hasScannedForEncodings = 0;
			knownRegions = (
				en,
				Base,
			);
			mainGroup = C1F61BD4229E1CAB0074FA78;
			productRefGroup = C1F61BDE229E1CAB0074FA78 /* Products */;
			projectDirPath = "";
			projectRoot = "";
			targets = (
				C1F61BDC229E1CAB0074FA78 /* Todody */,
			);
		};
/* End PBXProject section */

/* Begin PBXResourcesBuildPhase section */
		C1F61BDB229E1CAB0074FA78 /* Resources */ = {
			isa = PBXResourcesBuildPhase;
			buildActionMask = 2147483647;
			files = (
				C1F61BEB229E1CAC0074FA78 /* LaunchScreen.storyboard in Resources */,
				C1F61BE8229E1CAC0074FA78 /* Assets.xcassets in Resources */,
				C1F61BE6229E1CAB0074FA78 /* Main.storyboard in Resources */,
			);
			runOnlyForDeploymentPostprocessing = 0;
		};
/* End PBXResourcesBuildPhase section */

/* Begin PBXSourcesBuildPhase section */
		C1F61BD9229E1CAB0074FA78 /* Sources */ = {
			isa = PBXSourcesBuildPhase;
			buildActionMask = 2147483647;
			files = (
				C1D8443722A22DAD008629B6 /* CategoryViewController.swift in Sources */,
				C1F61BF3229E1D620074FA78 /* TodoListViewController.swift in Sources */,
				C197C0CE229F67CE006B3232 /* DataModel.xcdatamodeld in Sources */,
				C1F61BE1229E1CAB0074FA78 /* AppDelegate.swift in Sources */,
			);
			runOnlyForDeploymentPostprocessing = 0;
		};
/* End PBXSourcesBuildPhase section */

/* Begin PBXVariantGroup section */
		C1F61BE4229E1CAB0074FA78 /* Main.storyboard */ = {
			isa = PBXVariantGroup;
			children = (
				C1F61BE5229E1CAB0074FA78 /* Base */,
			);
			name = Main.storyboard;
			sourceTree = "<group>";
		};
		C1F61BE9229E1CAC0074FA78 /* LaunchScreen.storyboard */ = {
			isa = PBXVariantGroup;
			children = (
				C1F61BEA229E1CAC0074FA78 /* Base */,
			);
			name = LaunchScreen.storyboard;
			sourceTree = "<group>";
		};
/* End PBXVariantGroup section */

/* Begin XCBuildConfiguration section */
		C1F61BED229E1CAC0074FA78 /* Debug */ = {
			isa = XCBuildConfiguration;
			buildSettings = {
				ALWAYS_SEARCH_USER_PATHS = NO;
				CLANG_ANALYZER_NONNULL = YES;
				CLANG_ANALYZER_NUMBER_OBJECT_CONVERSION = YES_AGGRESSIVE;
				CLANG_CXX_LANGUAGE_STANDARD = "gnu++14";
				CLANG_CXX_LIBRARY = "libc++";
				CLANG_ENABLE_MODULES = YES;
				CLANG_ENABLE_OBJC_ARC = YES;
				CLANG_ENABLE_OBJC_WEAK = YES;
				CLANG_WARN_BLOCK_CAPTURE_AUTORELEASING = YES;
				CLANG_WARN_BOOL_CONVERSION = YES;
				CLANG_WARN_COMMA = YES;
				CLANG_WARN_CONSTANT_CONVERSION = YES;
				CLANG_WARN_DEPRECATED_OBJC_IMPLEMENTATIONS = YES;
				CLANG_WARN_DIRECT_OBJC_ISA_USAGE = YES_ERROR;
				CLANG_WARN_DOCUMENTATION_COMMENTS = YES;
				CLANG_WARN_EMPTY_BODY = YES;
				CLANG_WARN_ENUM_CONVERSION = YES;
				CLANG_WARN_INFINITE_RECURSION = YES;
				CLANG_WARN_INT_CONVERSION = YES;
				CLANG_WARN_NON_LITERAL_NULL_CONVERSION = YES;
				CLANG_WARN_OBJC_IMPLICIT_RETAIN_SELF = YES;
				CLANG_WARN_OBJC_LITERAL_CONVERSION = YES;
				CLANG_WARN_OBJC_ROOT_CLASS = YES_ERROR;
				CLANG_WARN_RANGE_LOOP_ANALYSIS = YES;
				CLANG_WARN_STRICT_PROTOTYPES = YES;
				CLANG_WARN_SUSPICIOUS_MOVE = YES;
				CLANG_WARN_UNGUARDED_AVAILABILITY = YES_AGGRESSIVE;
				CLANG_WARN_UNREACHABLE_CODE = YES;
				CLANG_WARN__DUPLICATE_METHOD_MATCH = YES;
				CODE_SIGN_IDENTITY = "iPhone Developer";
				COPY_PHASE_STRIP = NO;
				DEBUG_INFORMATION_FORMAT = dwarf;
				ENABLE_STRICT_OBJC_MSGSEND = YES;
				ENABLE_TESTABILITY = YES;
				GCC_C_LANGUAGE_STANDARD = gnu11;
				GCC_DYNAMIC_NO_PIC = NO;
				GCC_NO_COMMON_BLOCKS = YES;
				GCC_OPTIMIZATION_LEVEL = 0;
				GCC_PREPROCESSOR_DEFINITIONS = (
					"DEBUG=1",
					"$(inherited)",
				);
				GCC_WARN_64_TO_32_BIT_CONVERSION = YES;
				GCC_WARN_ABOUT_RETURN_TYPE = YES_ERROR;
				GCC_WARN_UNDECLARED_SELECTOR = YES;
				GCC_WARN_UNINITIALIZED_AUTOS = YES_AGGRESSIVE;
				GCC_WARN_UNUSED_FUNCTION = YES;
				GCC_WARN_UNUSED_VARIABLE = YES;
				IPHONEOS_DEPLOYMENT_TARGET = 12.2;
				MTL_ENABLE_DEBUG_INFO = INCLUDE_SOURCE;
				MTL_FAST_MATH = YES;
				ONLY_ACTIVE_ARCH = YES;
				SDKROOT = iphoneos;
				SWIFT_ACTIVE_COMPILATION_CONDITIONS = DEBUG;
				SWIFT_OPTIMIZATION_LEVEL = "-Onone";
			};
			name = Debug;
		};
		C1F61BEE229E1CAC0074FA78 /* Release */ = {
			isa = XCBuildConfiguration;
			buildSettings = {
				ALWAYS_SEARCH_USER_PATHS = NO;
				CLANG_ANALYZER_NONNULL = YES;
				CLANG_ANALYZER_NUMBER_OBJECT_CONVERSION = YES_AGGRESSIVE;
				CLANG_CXX_LANGUAGE_STANDARD = "gnu++14";
				CLANG_CXX_LIBRARY = "libc++";
				CLANG_ENABLE_MODULES = YES;
				CLANG_ENABLE_OBJC_ARC = YES;
				CLANG_ENABLE_OBJC_WEAK = YES;
				CLANG_WARN_BLOCK_CAPTURE_AUTORELEASING = YES;
				CLANG_WARN_BOOL_CONVERSION = YES;
				CLANG_WARN_COMMA = YES;
				CLANG_WARN_CONSTANT_CONVERSION = YES;
				CLANG_WARN_DEPRECATED_OBJC_IMPLEMENTATIONS = YES;
				CLANG_WARN_DIRECT_OBJC_ISA_USAGE = YES_ERROR;
				CLANG_WARN_DOCUMENTATION_COMMENTS = YES;
				CLANG_WARN_EMPTY_BODY = YES;
				CLANG_WARN_ENUM_CONVERSION = YES;
				CLANG_WARN_INFINITE_RECURSION = YES;
				CLANG_WARN_INT_CONVERSION = YES;
				CLANG_WARN_NON_LITERAL_NULL_CONVERSION = YES;
				CLANG_WARN_OBJC_IMPLICIT_RETAIN_SELF = YES;
				CLANG_WARN_OBJC_LITERAL_CONVERSION = YES;
				CLANG_WARN_OBJC_ROOT_CLASS = YES_ERROR;
				CLANG_WARN_RANGE_LOOP_ANALYSIS = YES;
				CLANG_WARN_STRICT_PROTOTYPES = YES;
				CLANG_WARN_SUSPICIOUS_MOVE = YES;
				CLANG_WARN_UNGUARDED_AVAILABILITY = YES_AGGRESSIVE;
				CLANG_WARN_UNREACHABLE_CODE = YES;
				CLANG_WARN__DUPLICATE_METHOD_MATCH = YES;
				CODE_SIGN_IDENTITY = "iPhone Developer";
				COPY_PHASE_STRIP = NO;
				DEBUG_INFORMATION_FORMAT = "dwarf-with-dsym";
				ENABLE_NS_ASSERTIONS = NO;
				ENABLE_STRICT_OBJC_MSGSEND = YES;
				GCC_C_LANGUAGE_STANDARD = gnu11;
				GCC_NO_COMMON_BLOCKS = YES;
				GCC_WARN_64_TO_32_BIT_CONVERSION = YES;
				GCC_WARN_ABOUT_RETURN_TYPE = YES_ERROR;
				GCC_WARN_UNDECLARED_SELECTOR = YES;
				GCC_WARN_UNINITIALIZED_AUTOS = YES_AGGRESSIVE;
				GCC_WARN_UNUSED_FUNCTION = YES;
				GCC_WARN_UNUSED_VARIABLE = YES;
				IPHONEOS_DEPLOYMENT_TARGET = 12.2;
				MTL_ENABLE_DEBUG_INFO = NO;
				MTL_FAST_MATH = YES;
				SDKROOT = iphoneos;
				SWIFT_COMPILATION_MODE = wholemodule;
				SWIFT_OPTIMIZATION_LEVEL = "-O";
				VALIDATE_PRODUCT = YES;
			};
			name = Release;
		};
		C1F61BF0229E1CAC0074FA78 /* Debug */ = {
			isa = XCBuildConfiguration;
			buildSettings = {
				ASSETCATALOG_COMPILER_APPICON_NAME = AppIcon;
				CODE_SIGN_STYLE = Automatic;
				DEVELOPMENT_TEAM = E9BBEYTP2D;
				INFOPLIST_FILE = Todody/Info.plist;
				LD_RUNPATH_SEARCH_PATHS = (
					"$(inherited)",
					"@executable_path/Frameworks",
				);
				PRODUCT_BUNDLE_IDENTIFIER = hugosilvac.Todody;
				PRODUCT_NAME = "$(TARGET_NAME)";
				SWIFT_VERSION = 5.0;
				TARGETED_DEVICE_FAMILY = "1,2";
			};
			name = Debug;
		};
		C1F61BF1229E1CAC0074FA78 /* Release */ = {
			isa = XCBuildConfiguration;
			buildSettings = {
				ASSETCATALOG_COMPILER_APPICON_NAME = AppIcon;
				CODE_SIGN_STYLE = Automatic;
				DEVELOPMENT_TEAM = E9BBEYTP2D;
				INFOPLIST_FILE = Todody/Info.plist;
				LD_RUNPATH_SEARCH_PATHS = (
					"$(inherited)",
					"@executable_path/Frameworks",
				);
				PRODUCT_BUNDLE_IDENTIFIER = hugosilvac.Todody;
				PRODUCT_NAME = "$(TARGET_NAME)";
				SWIFT_VERSION = 5.0;
				TARGETED_DEVICE_FAMILY = "1,2";
			};
			name = Release;
		};
/* End XCBuildConfiguration section */

/* Begin XCConfigurationList section */
		C1F61BD8229E1CAB0074FA78 /* Build configuration list for PBXProject "Todody" */ = {
			isa = XCConfigurationList;
			buildConfigurations = (
				C1F61BED229E1CAC0074FA78 /* Debug */,
				C1F61BEE229E1CAC0074FA78 /* Release */,
			);
			defaultConfigurationIsVisible = 0;
			defaultConfigurationName = Release;
		};
		C1F61BEF229E1CAC0074FA78 /* Build configuration list for PBXNativeTarget "Todody" */ = {
			isa = XCConfigurationList;
			buildConfigurations = (
				C1F61BF0229E1CAC0074FA78 /* Debug */,
				C1F61BF1229E1CAC0074FA78 /* Release */,
			);
			defaultConfigurationIsVisible = 0;
			defaultConfigurationName = Release;
		};
/* End XCConfigurationList section */

/* Begin XCVersionGroup section */
		C197C0CC229F67CE006B3232 /* DataModel.xcdatamodeld */ = {
			isa = XCVersionGroup;
			children = (
				C197C0CD229F67CE006B3232 /* DataModel.xcdatamodel */,
			);
			currentVersion = C197C0CD229F67CE006B3232 /* DataModel.xcdatamodel */;
			path = DataModel.xcdatamodeld;
			sourceTree = "<group>";
			versionGroupType = wrapper.xcdatamodel;
		};
/* End XCVersionGroup section */
	};
	rootObject = C1F61BD5229E1CAB0074FA78 /* Project object */;
}
